// !$*UTF8*$!
{
	archiveVersion = 1;
	classes = {
	};
	objectVersion = 46;
	objects = {

/* Begin PBXBuildFile section */
		0AEC58041CE4F0E7001EF74E /* OKSGutteredCodeView.h in Headers */ = {isa = PBXBuildFile; fileRef = 0AEC58031CE4F0E7001EF74E /* OKSGutteredCodeView.h */; settings = {ATTRIBUTES = (Public, ); }; };
		0AEC580E1CE4F54A001EF74E /* OKSGutteredCodeView.swift in Sources */ = {isa = PBXBuildFile; fileRef = 0AEC580D1CE4F54A001EF74E /* OKSGutteredCodeView.swift */; };
		0AEC58101CE4F568001EF74E /* OKSGutteredCodeView.xib in Resources */ = {isa = PBXBuildFile; fileRef = 0AEC580F1CE4F568001EF74E /* OKSGutteredCodeView.xib */; };
		0AEC58181CE4F73F001EF74E /* AppDelegate.swift in Sources */ = {isa = PBXBuildFile; fileRef = 0AEC58171CE4F73F001EF74E /* AppDelegate.swift */; };
		0AEC581A1CE4F73F001EF74E /* ViewController.swift in Sources */ = {isa = PBXBuildFile; fileRef = 0AEC58191CE4F73F001EF74E /* ViewController.swift */; };
		0AEC581D1CE4F73F001EF74E /* Main.storyboard in Resources */ = {isa = PBXBuildFile; fileRef = 0AEC581B1CE4F73F001EF74E /* Main.storyboard */; };
		0AEC581F1CE4F73F001EF74E /* Assets.xcassets in Resources */ = {isa = PBXBuildFile; fileRef = 0AEC581E1CE4F73F001EF74E /* Assets.xcassets */; };
		0AEC58221CE4F73F001EF74E /* LaunchScreen.storyboard in Resources */ = {isa = PBXBuildFile; fileRef = 0AEC58201CE4F73F001EF74E /* LaunchScreen.storyboard */; };
		D0656BD71CFA6E2E00734FF7 /* CodeViewDelegate.swift in Sources */ = {isa = PBXBuildFile; fileRef = D0656BD61CFA6E2E00734FF7 /* CodeViewDelegate.swift */; };
		D06B4DED1CE7F04A008B5804 /* OKSGutteredCodeView.framework in Frameworks */ = {isa = PBXBuildFile; fileRef = 0AEC58001CE4F0E7001EF74E /* OKSGutteredCodeView.framework */; };
		D06B4DEE1CE7F04A008B5804 /* OKSGutteredCodeView.framework in Embed Frameworks */ = {isa = PBXBuildFile; fileRef = 0AEC58001CE4F0E7001EF74E /* OKSGutteredCodeView.framework */; settings = {ATTRIBUTES = (CodeSignOnCopy, RemoveHeadersOnCopy, ); }; };
		D06B4DF31CE7F384008B5804 /* Hack-Regular.ttf in Resources */ = {isa = PBXBuildFile; fileRef = D06B4DF21CE7F2CC008B5804 /* Hack-Regular.ttf */; };
		D0BE2BAE1CE8FF6B0043EA79 /* README.md in Sources */ = {isa = PBXBuildFile; fileRef = D0BE2BAD1CE8FF6B0043EA79 /* README.md */; };
/* End PBXBuildFile section */

/* Begin PBXContainerItemProxy section */
		D06B4DEF1CE7F04A008B5804 /* PBXContainerItemProxy */ = {
			isa = PBXContainerItemProxy;
			containerPortal = 0AEC57F71CE4F0E7001EF74E /* Project object */;
			proxyType = 1;
			remoteGlobalIDString = 0AEC57FF1CE4F0E7001EF74E;
			remoteInfo = OKSGutteredCodeView;
		};
/* End PBXContainerItemProxy section */

/* Begin PBXCopyFilesBuildPhase section */
		D06B4DF11CE7F04A008B5804 /* Embed Frameworks */ = {
			isa = PBXCopyFilesBuildPhase;
			buildActionMask = 2147483647;
			dstPath = "";
			dstSubfolderSpec = 10;
			files = (
				D06B4DEE1CE7F04A008B5804 /* OKSGutteredCodeView.framework in Embed Frameworks */,
			);
			name = "Embed Frameworks";
			runOnlyForDeploymentPostprocessing = 0;
		};
/* End PBXCopyFilesBuildPhase section */

/* Begin PBXFileReference section */
		0AEC58001CE4F0E7001EF74E /* OKSGutteredCodeView.framework */ = {isa = PBXFileReference; explicitFileType = wrapper.framework; includeInIndex = 0; path = OKSGutteredCodeView.framework; sourceTree = BUILT_PRODUCTS_DIR; };
		0AEC58031CE4F0E7001EF74E /* OKSGutteredCodeView.h */ = {isa = PBXFileReference; lastKnownFileType = sourcecode.c.h; path = OKSGutteredCodeView.h; sourceTree = "<group>"; };
		0AEC58051CE4F0E7001EF74E /* Info.plist */ = {isa = PBXFileReference; lastKnownFileType = text.plist.xml; path = Info.plist; sourceTree = "<group>"; };
		0AEC580D1CE4F54A001EF74E /* OKSGutteredCodeView.swift */ = {isa = PBXFileReference; fileEncoding = 4; lastKnownFileType = sourcecode.swift; path = OKSGutteredCodeView.swift; sourceTree = "<group>"; };
		0AEC580F1CE4F568001EF74E /* OKSGutteredCodeView.xib */ = {isa = PBXFileReference; fileEncoding = 4; lastKnownFileType = file.xib; path = OKSGutteredCodeView.xib; sourceTree = "<group>"; };
		0AEC58151CE4F73F001EF74E /* GutterCodeView Test App.app */ = {isa = PBXFileReference; explicitFileType = wrapper.application; includeInIndex = 0; path = "GutterCodeView Test App.app"; sourceTree = BUILT_PRODUCTS_DIR; };
		0AEC58171CE4F73F001EF74E /* AppDelegate.swift */ = {isa = PBXFileReference; lastKnownFileType = sourcecode.swift; path = AppDelegate.swift; sourceTree = "<group>"; };
		0AEC58191CE4F73F001EF74E /* ViewController.swift */ = {isa = PBXFileReference; lastKnownFileType = sourcecode.swift; path = ViewController.swift; sourceTree = "<group>"; };
		0AEC581C1CE4F73F001EF74E /* Base */ = {isa = PBXFileReference; lastKnownFileType = file.storyboard; name = Base; path = Base.lproj/Main.storyboard; sourceTree = "<group>"; };
		0AEC581E1CE4F73F001EF74E /* Assets.xcassets */ = {isa = PBXFileReference; lastKnownFileType = folder.assetcatalog; path = Assets.xcassets; sourceTree = "<group>"; };
		0AEC58211CE4F73F001EF74E /* Base */ = {isa = PBXFileReference; lastKnownFileType = file.storyboard; name = Base; path = Base.lproj/LaunchScreen.storyboard; sourceTree = "<group>"; };
		0AEC58231CE4F73F001EF74E /* Info.plist */ = {isa = PBXFileReference; lastKnownFileType = text.plist.xml; path = Info.plist; sourceTree = "<group>"; };
		D0656BD61CFA6E2E00734FF7 /* CodeViewDelegate.swift */ = {isa = PBXFileReference; fileEncoding = 4; lastKnownFileType = sourcecode.swift; path = CodeViewDelegate.swift; sourceTree = "<group>"; };
		D06B4DF21CE7F2CC008B5804 /* Hack-Regular.ttf */ = {isa = PBXFileReference; lastKnownFileType = file; path = "Hack-Regular.ttf"; sourceTree = "<group>"; };
		D0BE2BAD1CE8FF6B0043EA79 /* README.md */ = {isa = PBXFileReference; fileEncoding = 4; lastKnownFileType = net.daringfireball.markdown; path = README.md; sourceTree = "<group>"; };
/* End PBXFileReference section */

/* Begin PBXFrameworksBuildPhase section */
		0AEC57FC1CE4F0E7001EF74E /* Frameworks */ = {
			isa = PBXFrameworksBuildPhase;
			buildActionMask = 2147483647;
			files = (
			);
			runOnlyForDeploymentPostprocessing = 0;
		};
		0AEC58121CE4F73F001EF74E /* Frameworks */ = {
			isa = PBXFrameworksBuildPhase;
			buildActionMask = 2147483647;
			files = (
				D06B4DED1CE7F04A008B5804 /* OKSGutteredCodeView.framework in Frameworks */,
			);
			runOnlyForDeploymentPostprocessing = 0;
		};
/* End PBXFrameworksBuildPhase section */

/* Begin PBXGroup section */
		0AEC57F61CE4F0E7001EF74E = {
			isa = PBXGroup;
			children = (
				0AEC58021CE4F0E7001EF74E /* OKSGutteredCodeView */,
				0AEC58161CE4F73F001EF74E /* GutterCodeView Test App */,
				0AEC58011CE4F0E7001EF74E /* Products */,
				D0BE2BAD1CE8FF6B0043EA79 /* README.md */,
			);
			sourceTree = "<group>";
		};
		0AEC58011CE4F0E7001EF74E /* Products */ = {
			isa = PBXGroup;
			children = (
				0AEC58001CE4F0E7001EF74E /* OKSGutteredCodeView.framework */,
				0AEC58151CE4F73F001EF74E /* GutterCodeView Test App.app */,
			);
			name = Products;
			sourceTree = "<group>";
		};
		0AEC58021CE4F0E7001EF74E /* OKSGutteredCodeView */ = {
			isa = PBXGroup;
			children = (
				0AEC58031CE4F0E7001EF74E /* OKSGutteredCodeView.h */,
				0AEC58051CE4F0E7001EF74E /* Info.plist */,
				0AEC580D1CE4F54A001EF74E /* OKSGutteredCodeView.swift */,
				0AEC580F1CE4F568001EF74E /* OKSGutteredCodeView.xib */,
				D0656BD61CFA6E2E00734FF7 /* CodeViewDelegate.swift */,
			);
			path = OKSGutteredCodeView;
			sourceTree = "<group>";
		};
		0AEC58161CE4F73F001EF74E /* GutterCodeView Test App */ = {
			isa = PBXGroup;
			children = (
				0AEC58171CE4F73F001EF74E /* AppDelegate.swift */,
				0AEC58191CE4F73F001EF74E /* ViewController.swift */,
				0AEC581B1CE4F73F001EF74E /* Main.storyboard */,
				0AEC581E1CE4F73F001EF74E /* Assets.xcassets */,
				0AEC58201CE4F73F001EF74E /* LaunchScreen.storyboard */,
				0AEC58231CE4F73F001EF74E /* Info.plist */,
				D06B4DF21CE7F2CC008B5804 /* Hack-Regular.ttf */,
			);
			path = "GutterCodeView Test App";
			sourceTree = "<group>";
		};
/* End PBXGroup section */

/* Begin PBXHeadersBuildPhase section */
		0AEC57FD1CE4F0E7001EF74E /* Headers */ = {
			isa = PBXHeadersBuildPhase;
			buildActionMask = 2147483647;
			files = (
				0AEC58041CE4F0E7001EF74E /* OKSGutteredCodeView.h in Headers */,
			);
			runOnlyForDeploymentPostprocessing = 0;
		};
/* End PBXHeadersBuildPhase section */

/* Begin PBXNativeTarget section */
		0AEC57FF1CE4F0E7001EF74E /* OKSGutteredCodeView */ = {
			isa = PBXNativeTarget;
			buildConfigurationList = 0AEC58081CE4F0E7001EF74E /* Build configuration list for PBXNativeTarget "OKSGutteredCodeView" */;
			buildPhases = (
				0AEC57FB1CE4F0E7001EF74E /* Sources */,
				0AEC57FC1CE4F0E7001EF74E /* Frameworks */,
				0AEC57FD1CE4F0E7001EF74E /* Headers */,
				0AEC57FE1CE4F0E7001EF74E /* Resources */,
			);
			buildRules = (
			);
			dependencies = (
			);
			name = OKSGutteredCodeView;
			productName = OKSGutteredCodeView;
			productReference = 0AEC58001CE4F0E7001EF74E /* OKSGutteredCodeView.framework */;
			productType = "com.apple.product-type.framework";
		};
		0AEC58141CE4F73F001EF74E /* GutterCodeView Test App */ = {
			isa = PBXNativeTarget;
			buildConfigurationList = 0AEC58241CE4F73F001EF74E /* Build configuration list for PBXNativeTarget "GutterCodeView Test App" */;
			buildPhases = (
				0AEC58111CE4F73F001EF74E /* Sources */,
				0AEC58121CE4F73F001EF74E /* Frameworks */,
				0AEC58131CE4F73F001EF74E /* Resources */,
				D06B4DF11CE7F04A008B5804 /* Embed Frameworks */,
			);
			buildRules = (
			);
			dependencies = (
				D06B4DF01CE7F04A008B5804 /* PBXTargetDependency */,
			);
			name = "GutterCodeView Test App";
			productName = "GutterCodeView Test App";
			productReference = 0AEC58151CE4F73F001EF74E /* GutterCodeView Test App.app */;
			productType = "com.apple.product-type.application";
		};
/* End PBXNativeTarget section */

/* Begin PBXProject section */
		0AEC57F71CE4F0E7001EF74E /* Project object */ = {
			isa = PBXProject;
			attributes = {
				LastSwiftUpdateCheck = 0730;
				LastUpgradeCheck = 0730;
				ORGANIZATIONNAME = "J.B. Hunt";
				TargetAttributes = {
					0AEC57FF1CE4F0E7001EF74E = {
						CreatedOnToolsVersion = 7.3.1;
					};
					0AEC58141CE4F73F001EF74E = {
						CreatedOnToolsVersion = 7.3.1;
					};
				};
			};
			buildConfigurationList = 0AEC57FA1CE4F0E7001EF74E /* Build configuration list for PBXProject "OKSGutteredCodeView" */;
			compatibilityVersion = "Xcode 3.2";
			developmentRegion = English;
			hasScannedForEncodings = 0;
			knownRegions = (
				en,
				Base,
			);
			mainGroup = 0AEC57F61CE4F0E7001EF74E;
			productRefGroup = 0AEC58011CE4F0E7001EF74E /* Products */;
			projectDirPath = "";
			projectRoot = "";
			targets = (
				0AEC57FF1CE4F0E7001EF74E /* OKSGutteredCodeView */,
				0AEC58141CE4F73F001EF74E /* GutterCodeView Test App */,
			);
		};
/* End PBXProject section */

/* Begin PBXResourcesBuildPhase section */
		0AEC57FE1CE4F0E7001EF74E /* Resources */ = {
			isa = PBXResourcesBuildPhase;
			buildActionMask = 2147483647;
			files = (
				0AEC58101CE4F568001EF74E /* OKSGutteredCodeView.xib in Resources */,
			);
			runOnlyForDeploymentPostprocessing = 0;
		};
		0AEC58131CE4F73F001EF74E /* Resources */ = {
			isa = PBXResourcesBuildPhase;
			buildActionMask = 2147483647;
			files = (
				D06B4DF31CE7F384008B5804 /* Hack-Regular.ttf in Resources */,
				0AEC58221CE4F73F001EF74E /* LaunchScreen.storyboard in Resources */,
				0AEC581F1CE4F73F001EF74E /* Assets.xcassets in Resources */,
				0AEC581D1CE4F73F001EF74E /* Main.storyboard in Resources */,
			);
			runOnlyForDeploymentPostprocessing = 0;
		};
/* End PBXResourcesBuildPhase section */

/* Begin PBXSourcesBuildPhase section */
		0AEC57FB1CE4F0E7001EF74E /* Sources */ = {
			isa = PBXSourcesBuildPhase;
			buildActionMask = 2147483647;
			files = (
				D0BE2BAE1CE8FF6B0043EA79 /* README.md in Sources */,
				0AEC580E1CE4F54A001EF74E /* OKSGutteredCodeView.swift in Sources */,
				D0656BD71CFA6E2E00734FF7 /* CodeViewDelegate.swift in Sources */,
			);
			runOnlyForDeploymentPostprocessing = 0;
		};
		0AEC58111CE4F73F001EF74E /* Sources */ = {
			isa = PBXSourcesBuildPhase;
			buildActionMask = 2147483647;
			files = (
				0AEC581A1CE4F73F001EF74E /* ViewController.swift in Sources */,
				0AEC58181CE4F73F001EF74E /* AppDelegate.swift in Sources */,
			);
			runOnlyForDeploymentPostprocessing = 0;
		};
/* End PBXSourcesBuildPhase section */

/* Begin PBXTargetDependency section */
		D06B4DF01CE7F04A008B5804 /* PBXTargetDependency */ = {
			isa = PBXTargetDependency;
			target = 0AEC57FF1CE4F0E7001EF74E /* OKSGutteredCodeView */;
			targetProxy = D06B4DEF1CE7F04A008B5804 /* PBXContainerItemProxy */;
		};
/* End PBXTargetDependency section */

/* Begin PBXVariantGroup section */
		0AEC581B1CE4F73F001EF74E /* Main.storyboard */ = {
			isa = PBXVariantGroup;
			children = (
				0AEC581C1CE4F73F001EF74E /* Base */,
			);
			name = Main.storyboard;
			sourceTree = "<group>";
		};
		0AEC58201CE4F73F001EF74E /* LaunchScreen.storyboard */ = {
			isa = PBXVariantGroup;
			children = (
				0AEC58211CE4F73F001EF74E /* Base */,
			);
			name = LaunchScreen.storyboard;
			sourceTree = "<group>";
		};
/* End PBXVariantGroup section */

/* Begin XCBuildConfiguration section */
		0AEC58061CE4F0E7001EF74E /* Debug */ = {
			isa = XCBuildConfiguration;
			buildSettings = {
				ALWAYS_SEARCH_USER_PATHS = NO;
				CLANG_ANALYZER_NONNULL = YES;
				CLANG_CXX_LANGUAGE_STANDARD = "gnu++0x";
				CLANG_CXX_LIBRARY = "libc++";
				CLANG_ENABLE_MODULES = YES;
				CLANG_ENABLE_OBJC_ARC = YES;
				CLANG_WARN_BOOL_CONVERSION = YES;
				CLANG_WARN_CONSTANT_CONVERSION = YES;
				CLANG_WARN_DIRECT_OBJC_ISA_USAGE = YES_ERROR;
				CLANG_WARN_EMPTY_BODY = YES;
				CLANG_WARN_ENUM_CONVERSION = YES;
				CLANG_WARN_INT_CONVERSION = YES;
				CLANG_WARN_OBJC_ROOT_CLASS = YES_ERROR;
				CLANG_WARN_UNREACHABLE_CODE = YES;
				CLANG_WARN__DUPLICATE_METHOD_MATCH = YES;
				"CODE_SIGN_IDENTITY[sdk=iphoneos*]" = "iPhone Developer";
				COPY_PHASE_STRIP = NO;
				CURRENT_PROJECT_VERSION = 1;
				DEBUG_INFORMATION_FORMAT = dwarf;
				ENABLE_STRICT_OBJC_MSGSEND = YES;
				ENABLE_TESTABILITY = YES;
				GCC_C_LANGUAGE_STANDARD = gnu99;
				GCC_DYNAMIC_NO_PIC = NO;
				GCC_NO_COMMON_BLOCKS = YES;
				GCC_OPTIMIZATION_LEVEL = 0;
				GCC_PREPROCESSOR_DEFINITIONS = (
					"DEBUG=1",
					"$(inherited)",
				);
				GCC_WARN_64_TO_32_BIT_CONVERSION = YES;
				GCC_WARN_ABOUT_RETURN_TYPE = YES_ERROR;
				GCC_WARN_UNDECLARED_SELECTOR = YES;
				GCC_WARN_UNINITIALIZED_AUTOS = YES_AGGRESSIVE;
				GCC_WARN_UNUSED_FUNCTION = YES;
				GCC_WARN_UNUSED_VARIABLE = YES;
				IPHONEOS_DEPLOYMENT_TARGET = 9.3;
				MTL_ENABLE_DEBUG_INFO = YES;
				ONLY_ACTIVE_ARCH = YES;
				SDKROOT = iphoneos;
				SWIFT_OPTIMIZATION_LEVEL = "-Onone";
				TARGETED_DEVICE_FAMILY = "1,2";
				VERSIONING_SYSTEM = "apple-generic";
				VERSION_INFO_PREFIX = "";
			};
			name = Debug;
		};
		0AEC58071CE4F0E7001EF74E /* Release */ = {
			isa = XCBuildConfiguration;
			buildSettings = {
				ALWAYS_SEARCH_USER_PATHS = NO;
				CLANG_ANALYZER_NONNULL = YES;
				CLANG_CXX_LANGUAGE_STANDARD = "gnu++0x";
				CLANG_CXX_LIBRARY = "libc++";
				CLANG_ENABLE_MODULES = YES;
				CLANG_ENABLE_OBJC_ARC = YES;
				CLANG_WARN_BOOL_CONVERSION = YES;
				CLANG_WARN_CONSTANT_CONVERSION = YES;
				CLANG_WARN_DIRECT_OBJC_ISA_USAGE = YES_ERROR;
				CLANG_WARN_EMPTY_BODY = YES;
				CLANG_WARN_ENUM_CONVERSION = YES;
				CLANG_WARN_INT_CONVERSION = YES;
				CLANG_WARN_OBJC_ROOT_CLASS = YES_ERROR;
				CLANG_WARN_UNREACHABLE_CODE = YES;
				CLANG_WARN__DUPLICATE_METHOD_MATCH = YES;
				"CODE_SIGN_IDENTITY[sdk=iphoneos*]" = "iPhone Developer";
				COPY_PHASE_STRIP = NO;
				CURRENT_PROJECT_VERSION = 1;
				DEBUG_INFORMATION_FORMAT = "dwarf-with-dsym";
				ENABLE_NS_ASSERTIONS = NO;
				ENABLE_STRICT_OBJC_MSGSEND = YES;
				GCC_C_LANGUAGE_STANDARD = gnu99;
				GCC_NO_COMMON_BLOCKS = YES;
				GCC_WARN_64_TO_32_BIT_CONVERSION = YES;
				GCC_WARN_ABOUT_RETURN_TYPE = YES_ERROR;
				GCC_WARN_UNDECLARED_SELECTOR = YES;
				GCC_WARN_UNINITIALIZED_AUTOS = YES_AGGRESSIVE;
				GCC_WARN_UNUSED_FUNCTION = YES;
				GCC_WARN_UNUSED_VARIABLE = YES;
				IPHONEOS_DEPLOYMENT_TARGET = 9.3;
				MTL_ENABLE_DEBUG_INFO = NO;
				SDKROOT = iphoneos;
				TARGETED_DEVICE_FAMILY = "1,2";
				VALIDATE_PRODUCT = YES;
				VERSIONING_SYSTEM = "apple-generic";
				VERSION_INFO_PREFIX = "";
			};
			name = Release;
		};
		0AEC58091CE4F0E7001EF74E /* Debug */ = {
			isa = XCBuildConfiguration;
			buildSettings = {
				CLANG_ENABLE_MODULES = YES;
				DEFINES_MODULE = YES;
				DYLIB_COMPATIBILITY_VERSION = 1;
				DYLIB_CURRENT_VERSION = 1;
				DYLIB_INSTALL_NAME_BASE = "@rpath";
				INFOPLIST_FILE = OKSGutteredCodeView/Info.plist;
				INSTALL_PATH = "$(LOCAL_LIBRARY_DIR)/Frameworks";
				LD_RUNPATH_SEARCH_PATHS = "$(inherited) @executable_path/Frameworks @loader_path/Frameworks";
				PRODUCT_BUNDLE_IDENTIFIER = com.oklasoft.OKSGutteredCodeView;
				PRODUCT_NAME = "$(TARGET_NAME)";
				SKIP_INSTALL = YES;
				SWIFT_OPTIMIZATION_LEVEL = "-Onone";
			};
			name = Debug;
		};
		0AEC580A1CE4F0E7001EF74E /* Release */ = {
			isa = XCBuildConfiguration;
			buildSettings = {
				CLANG_ENABLE_MODULES = YES;
				DEFINES_MODULE = YES;
				DYLIB_COMPATIBILITY_VERSION = 1;
				DYLIB_CURRENT_VERSION = 1;
				DYLIB_INSTALL_NAME_BASE = "@rpath";
				INFOPLIST_FILE = OKSGutteredCodeView/Info.plist;
				INSTALL_PATH = "$(LOCAL_LIBRARY_DIR)/Frameworks";
				LD_RUNPATH_SEARCH_PATHS = "$(inherited) @executable_path/Frameworks @loader_path/Frameworks";
				PRODUCT_BUNDLE_IDENTIFIER = com.oklasoft.OKSGutteredCodeView;
				PRODUCT_NAME = "$(TARGET_NAME)";
				SKIP_INSTALL = YES;
			};
			name = Release;
		};
		0AEC58251CE4F73F001EF74E /* Debug */ = {
			isa = XCBuildConfiguration;
			buildSettings = {
				ASSETCATALOG_COMPILER_APPICON_NAME = AppIcon;
				EMBEDDED_CONTENT_CONTAINS_SWIFT = YES;
				INFOPLIST_FILE = "GutterCodeView Test App/Info.plist";
				LD_RUNPATH_SEARCH_PATHS = "$(inherited) @executable_path/Frameworks";
				PRODUCT_BUNDLE_IDENTIFIER = "com.jbhunt.GutterCodeView-Test-App";
				PRODUCT_NAME = "$(TARGET_NAME)";
			};
			name = Debug;
		};
		0AEC58261CE4F73F001EF74E /* Release */ = {
			isa = XCBuildConfiguration;
			buildSettings = {
				ASSETCATALOG_COMPILER_APPICON_NAME = AppIcon;
				EMBEDDED_CONTENT_CONTAINS_SWIFT = YES;
				INFOPLIST_FILE = "GutterCodeView Test App/Info.plist";
				LD_RUNPATH_SEARCH_PATHS = "$(inherited) @executable_path/Frameworks";
				PRODUCT_BUNDLE_IDENTIFIER = "com.jbhunt.GutterCodeView-Test-App";
				PRODUCT_NAME = "$(TARGET_NAME)";
			};
			name = Release;
		};
/* End XCBuildConfiguration section */

/* Begin XCConfigurationList section */
		0AEC57FA1CE4F0E7001EF74E /* Build configuration list for PBXProject "OKSGutteredCodeView" */ = {
			isa = XCConfigurationList;
			buildConfigurations = (
				0AEC58061CE4F0E7001EF74E /* Debug */,
				0AEC58071CE4F0E7001EF74E /* Release */,
			);
			defaultConfigurationIsVisible = 0;
			defaultConfigurationName = Release;
		};
		0AEC58081CE4F0E7001EF74E /* Build configuration list for PBXNativeTarget "OKSGutteredCodeView" */ = {
			isa = XCConfigurationList;
			buildConfigurations = (
				0AEC58091CE4F0E7001EF74E /* Debug */,
				0AEC580A1CE4F0E7001EF74E /* Release */,
			);
			defaultConfigurationIsVisible = 0;
			defaultConfigurationName = Release;
		};
		0AEC58241CE4F73F001EF74E /* Build configuration list for PBXNativeTarget "GutterCodeView Test App" */ = {
			isa = XCConfigurationList;
			buildConfigurations = (
				0AEC58251CE4F73F001EF74E /* Debug */,
				0AEC58261CE4F73F001EF74E /* Release */,
			);
			defaultConfigurationIsVisible = 0;
			defaultConfigurationName = Release;
		};
/* End XCConfigurationList section */
	};
	rootObject = 0AEC57F71CE4F0E7001EF74E /* Project object */;
}
